
Microsoft Visual Studio Solution File, Format Version 12.00
# Visual Studio Version 16
VisualStudioVersion = 16.0.29806.167
MinimumVisualStudioVersion = 10.0.40219.1
Project("{9A19103F-16F7-4668-BE54-9A1E7A4F7556}") = "Flagship", "Flagship\Flagship.csproj", "{2E16C32C-6545-448F-980B-2652BB104376}"
EndProject
Project("{FAE04EC0-301F-11D3-BF4B-00C04F79EFBC}") = "Flagship.Tests", "Flagship.Tests\Flagship.Tests.csproj", "{34B049A8-FD04-43C7-8E5A-126938D9500C}"
EndProject
Project("{2150E333-8FDC-42A3-9474-1A3956D46DE8}") = "Solution Items", "Solution Items", "{909E4662-70C9-46E7-AD27-A1D0D505BB2C}"
	ProjectSection(SolutionItems) = preProject
		.dockerignore = .dockerignore
		.editorconfig = .editorconfig
		Dockerfile = Dockerfile
	EndProjectSection
EndProject
Project("{9A19103F-16F7-4668-BE54-9A1E7A4F7556}") = "Flagship.QAApp", "Flagship.QAApp\Flagship.QAApp.csproj", "{E27BF965-0D27-4BEB-A5FC-A99C4F5750FB}"
EndProject
Global
	GlobalSection(SolutionConfigurationPlatforms) = preSolution
		Debug|Any CPU = Debug|Any CPU
		Release|Any CPU = Release|Any CPU
	EndGlobalSection
	GlobalSection(ProjectConfigurationPlatforms) = postSolution
		{2E16C32C-6545-448F-980B-2652BB104376}.Debug|Any CPU.ActiveCfg = Debug|Any CPU
		{2E16C32C-6545-448F-980B-2652BB104376}.Debug|Any CPU.Build.0 = Debug|Any CPU
		{2E16C32C-6545-448F-980B-2652BB104376}.Release|Any CPU.ActiveCfg = Release|Any CPU
		{2E16C32C-6545-448F-980B-2652BB104376}.Release|Any CPU.Build.0 = Release|Any CPU
		{34B049A8-FD04-43C7-8E5A-126938D9500C}.Debug|Any CPU.ActiveCfg = Debug|Any CPU
		{34B049A8-FD04-43C7-8E5A-126938D9500C}.Debug|Any CPU.Build.0 = Debug|Any CPU
		{34B049A8-FD04-43C7-8E5A-126938D9500C}.Release|Any CPU.ActiveCfg = Release|Any CPU
		{34B049A8-FD04-43C7-8E5A-126938D9500C}.Release|Any CPU.Build.0 = Release|Any CPU
		{E27BF965-0D27-4BEB-A5FC-A99C4F5750FB}.Debug|Any CPU.ActiveCfg = Debug|Any CPU
		{E27BF965-0D27-4BEB-A5FC-A99C4F5750FB}.Debug|Any CPU.Build.0 = Debug|Any CPU
		{E27BF965-0D27-4BEB-A5FC-A99C4F5750FB}.Release|Any CPU.ActiveCfg = Release|Any CPU
		{E27BF965-0D27-4BEB-A5FC-A99C4F5750FB}.Release|Any CPU.Build.0 = Release|Any CPU
	EndGlobalSection
	GlobalSection(SolutionProperties) = preSolution
		HideSolutionNode = FALSE
	EndGlobalSection
	GlobalSection(ExtensibilityGlobals) = postSolution
		SolutionGuid = {3B7E7D58-A7F4-46A4-982F-8173D7FA0A15}
	EndGlobalSection
EndGlobal
